
Microsoft Visual Studio Solution File, Format Version 12.00
# Visual Studio Version 17
VisualStudioVersion = 17.8.34330.188
MinimumVisualStudioVersion = 10.0.40219.1
Project("{FAE04EC0-301F-11D3-BF4B-00C04F79EFBC}") = "NetifyAPI", "Netify\NetifyAPI.csproj", "{CFD57784-7955-42C7-8A2D-E7B160C626FB}"
EndProject
Project("{FAE04EC0-301F-11D3-BF4B-00C04F79EFBC}") = "NetifyClient", "NetifyClient\NetifyClient.csproj", "{C72E44AE-AB10-4BE4-8C7F-CDF124264064}"
EndProject
Project("{FAE04EC0-301F-11D3-BF4B-00C04F79EFBC}") = "NetifyAPITests", "NetifyAPITests\NetifyAPITests.csproj", "{03BEE0B6-B985-4A8C-B807-3E71A77703B1}"
EndProject
Global
	GlobalSection(SolutionConfigurationPlatforms) = preSolution
		Debug|Any CPU = Debug|Any CPU
		Release|Any CPU = Release|Any CPU
	EndGlobalSection
	GlobalSection(ProjectConfigurationPlatforms) = postSolution
		{CFD57784-7955-42C7-8A2D-E7B160C626FB}.Debug|Any CPU.ActiveCfg = Debug|Any CPU
		{CFD57784-7955-42C7-8A2D-E7B160C626FB}.Debug|Any CPU.Build.0 = Debug|Any CPU
		{CFD57784-7955-42C7-8A2D-E7B160C626FB}.Release|Any CPU.ActiveCfg = Release|Any CPU
		{CFD57784-7955-42C7-8A2D-E7B160C626FB}.Release|Any CPU.Build.0 = Release|Any CPU
		{C72E44AE-AB10-4BE4-8C7F-CDF124264064}.Debug|Any CPU.ActiveCfg = Debug|Any CPU
		{C72E44AE-AB10-4BE4-8C7F-CDF124264064}.Debug|Any CPU.Build.0 = Debug|Any CPU
		{C72E44AE-AB10-4BE4-8C7F-CDF124264064}.Release|Any CPU.ActiveCfg = Release|Any CPU
		{C72E44AE-AB10-4BE4-8C7F-CDF124264064}.Release|Any CPU.Build.0 = Release|Any CPU
		{03BEE0B6-B985-4A8C-B807-3E71A77703B1}.Debug|Any CPU.ActiveCfg = Debug|Any CPU
		{03BEE0B6-B985-4A8C-B807-3E71A77703B1}.Debug|Any CPU.Build.0 = Debug|Any CPU
		{03BEE0B6-B985-4A8C-B807-3E71A77703B1}.Release|Any CPU.ActiveCfg = Release|Any CPU
		{03BEE0B6-B985-4A8C-B807-3E71A77703B1}.Release|Any CPU.Build.0 = Release|Any CPU
	EndGlobalSection
	GlobalSection(SolutionProperties) = preSolution
		HideSolutionNode = FALSE
	EndGlobalSection
	GlobalSection(ExtensibilityGlobals) = postSolution
		SolutionGuid = {E35D3623-FA11-4767-B1EC-7A50952A5922}
	EndGlobalSection
EndGlobal
